
Microsoft Visual Studio Solution File, Format Version 12.00
# Visual Studio 15
VisualStudioVersion = 15.0.26430.12
MinimumVisualStudioVersion = 10.0.40219.1
Project("{8BC9CEB8-8B4A-11D0-8D11-00A0C91BC942}") = "lua", "lua\lua.vcxproj", "{094C9893-1F26-4641-A09B-8876D69D6C24}"
EndProject
Project("{8BC9CEB8-8B4A-11D0-8D11-00A0C91BC942}") = "mini-lua", "mini-lua\mini-lua.vcxproj", "{5F0F1E60-3B04-4181-8744-EA1F086A8211}"
EndProject
Project("{8BC9CEB8-8B4A-11D0-8D11-00A0C91BC942}") = "testlua", "testlua\testlua.vcxproj", "{A24C9A13-DDF4-4759-AF33-D0899820656B}"
EndProject
Project("{8BC9CEB8-8B4A-11D0-8D11-00A0C91BC942}") = "lua-co", "lua-co\lua-co.vcxproj", "{B7386B0D-F2EE-44B5-A533-FE82CBE963A6}"
EndProject
Global
	GlobalSection(SolutionConfigurationPlatforms) = preSolution
		Debug|x64 = Debug|x64
		Debug|x86 = Debug|x86
		Release|x64 = Release|x64
		Release|x86 = Release|x86
	EndGlobalSection
	GlobalSection(ProjectConfigurationPlatforms) = postSolution
		{094C9893-1F26-4641-A09B-8876D69D6C24}.Debug|x64.ActiveCfg = Debug|x64
		{094C9893-1F26-4641-A09B-8876D69D6C24}.Debug|x64.Build.0 = Debug|x64
		{094C9893-1F26-4641-A09B-8876D69D6C24}.Debug|x86.ActiveCfg = Debug|Win32
		{094C9893-1F26-4641-A09B-8876D69D6C24}.Debug|x86.Build.0 = Debug|Win32
		{094C9893-1F26-4641-A09B-8876D69D6C24}.Release|x64.ActiveCfg = Release|x64
		{094C9893-1F26-4641-A09B-8876D69D6C24}.Release|x64.Build.0 = Release|x64
		{094C9893-1F26-4641-A09B-8876D69D6C24}.Release|x86.ActiveCfg = Release|Win32
		{094C9893-1F26-4641-A09B-8876D69D6C24}.Release|x86.Build.0 = Release|Win32
		{5F0F1E60-3B04-4181-8744-EA1F086A8211}.Debug|x64.ActiveCfg = Debug|x64
		{5F0F1E60-3B04-4181-8744-EA1F086A8211}.Debug|x64.Build.0 = Debug|x64
		{5F0F1E60-3B04-4181-8744-EA1F086A8211}.Debug|x86.ActiveCfg = Debug|Win32
		{5F0F1E60-3B04-4181-8744-EA1F086A8211}.Debug|x86.Build.0 = Debug|Win32
		{5F0F1E60-3B04-4181-8744-EA1F086A8211}.Release|x64.ActiveCfg = Release|x64
		{5F0F1E60-3B04-4181-8744-EA1F086A8211}.Release|x64.Build.0 = Release|x64
		{5F0F1E60-3B04-4181-8744-EA1F086A8211}.Release|x86.ActiveCfg = Release|Win32
		{5F0F1E60-3B04-4181-8744-EA1F086A8211}.Release|x86.Build.0 = Release|Win32
		{A24C9A13-DDF4-4759-AF33-D0899820656B}.Debug|x64.ActiveCfg = Debug|x64
		{A24C9A13-DDF4-4759-AF33-D0899820656B}.Debug|x64.Build.0 = Debug|x64
		{A24C9A13-DDF4-4759-AF33-D0899820656B}.Debug|x86.ActiveCfg = Debug|Win32
		{A24C9A13-DDF4-4759-AF33-D0899820656B}.Debug|x86.Build.0 = Debug|Win32
		{A24C9A13-DDF4-4759-AF33-D0899820656B}.Release|x64.ActiveCfg = Release|x64
		{A24C9A13-DDF4-4759-AF33-D0899820656B}.Release|x64.Build.0 = Release|x64
		{A24C9A13-DDF4-4759-AF33-D0899820656B}.Release|x86.ActiveCfg = Release|Win32
		{A24C9A13-DDF4-4759-AF33-D0899820656B}.Release|x86.Build.0 = Release|Win32
		{B7386B0D-F2EE-44B5-A533-FE82CBE963A6}.Debug|x64.ActiveCfg = Debug|x64
		{B7386B0D-F2EE-44B5-A533-FE82CBE963A6}.Debug|x64.Build.0 = Debug|x64
		{B7386B0D-F2EE-44B5-A533-FE82CBE963A6}.Debug|x86.ActiveCfg = Debug|Win32
		{B7386B0D-F2EE-44B5-A533-FE82CBE963A6}.Debug|x86.Build.0 = Debug|Win32
		{B7386B0D-F2EE-44B5-A533-FE82CBE963A6}.Release|x64.ActiveCfg = Release|x64
		{B7386B0D-F2EE-44B5-A533-FE82CBE963A6}.Release|x64.Build.0 = Release|x64
		{B7386B0D-F2EE-44B5-A533-FE82CBE963A6}.Release|x86.ActiveCfg = Release|Win32
		{B7386B0D-F2EE-44B5-A533-FE82CBE963A6}.Release|x86.Build.0 = Release|Win32
	EndGlobalSection
	GlobalSection(SolutionProperties) = preSolution
		HideSolutionNode = FALSE
	EndGlobalSection
EndGlobal
